// !$*UTF8*$!
{
	archiveVersion = 1;
	classes = {
	};
	objectVersion = 51;
	objects = {

/* Begin PBXBuildFile section */
		42B6ACB79D0EA3C386F80825 /* Pods_audioDNSUI_audioDNSUIUITests.framework in Frameworks */ = {isa = PBXBuildFile; fileRef = 2CF145F541E7BC7E4C5DDD83 /* Pods_audioDNSUI_audioDNSUIUITests.framework */; };
		8288323CE3D4A60D9375686A /* Pods_audioDNSUITests.framework in Frameworks */ = {isa = PBXBuildFile; fileRef = 73BB575C42C1A66848413CFF /* Pods_audioDNSUITests.framework */; };
		9381F6217182D8F194415A34 /* Pods_audioDNSUI.framework in Frameworks */ = {isa = PBXBuildFile; fileRef = 774877E7F6FB5178F5FE39CA /* Pods_audioDNSUI.framework */; };
		C015BDE0249A955400AAB3AA /* AppDelegate.swift in Sources */ = {isa = PBXBuildFile; fileRef = C015BDDF249A955400AAB3AA /* AppDelegate.swift */; };
		C015BDE2249A955400AAB3AA /* SceneDelegate.swift in Sources */ = {isa = PBXBuildFile; fileRef = C015BDE1249A955400AAB3AA /* SceneDelegate.swift */; };
		C015BDE4249A955400AAB3AA /* ViewController.swift in Sources */ = {isa = PBXBuildFile; fileRef = C015BDE3249A955400AAB3AA /* ViewController.swift */; };
		C015BDE7249A955400AAB3AA /* Main.storyboard in Resources */ = {isa = PBXBuildFile; fileRef = C015BDE5249A955400AAB3AA /* Main.storyboard */; };
		C015BDE9249A955500AAB3AA /* Assets.xcassets in Resources */ = {isa = PBXBuildFile; fileRef = C015BDE8249A955500AAB3AA /* Assets.xcassets */; };
		C015BDEC249A955500AAB3AA /* LaunchScreen.storyboard in Resources */ = {isa = PBXBuildFile; fileRef = C015BDEA249A955500AAB3AA /* LaunchScreen.storyboard */; };
		C015BDF7249A955500AAB3AA /* audioDNSUITests.swift in Sources */ = {isa = PBXBuildFile; fileRef = C015BDF6249A955500AAB3AA /* audioDNSUITests.swift */; };
		C015BE02249A955500AAB3AA /* audioDNSUIUITests.swift in Sources */ = {isa = PBXBuildFile; fileRef = C015BE01249A955500AAB3AA /* audioDNSUIUITests.swift */; };
		C015BE14249A967200AAB3AA /* RestManager.swift in Sources */ = {isa = PBXBuildFile; fileRef = C015BE13249A967200AAB3AA /* RestManager.swift */; };
		C0B25A90249AEFCD00378FEB /* Varun.jpg in Resources */ = {isa = PBXBuildFile; fileRef = C0B25A8F249AEFCD00378FEB /* Varun.jpg */; };
		C0B25A92249AF03900378FEB /* Second.wav in Resources */ = {isa = PBXBuildFile; fileRef = C0B25A91249AF03900378FEB /* Second.wav */; };
/* End PBXBuildFile section */

/* Begin PBXContainerItemProxy section */
		C015BDF3249A955500AAB3AA /* PBXContainerItemProxy */ = {
			isa = PBXContainerItemProxy;
			containerPortal = C015BDD4249A955400AAB3AA /* Project object */;
			proxyType = 1;
			remoteGlobalIDString = C015BDDB249A955400AAB3AA;
			remoteInfo = audioDNSUI;
		};
		C015BDFE249A955500AAB3AA /* PBXContainerItemProxy */ = {
			isa = PBXContainerItemProxy;
			containerPortal = C015BDD4249A955400AAB3AA /* Project object */;
			proxyType = 1;
			remoteGlobalIDString = C015BDDB249A955400AAB3AA;
			remoteInfo = audioDNSUI;
		};
/* End PBXContainerItemProxy section */

/* Begin PBXFileReference section */
		0836AF081078D514F0F11D1C /* Pods-audioDNSUI.debug.xcconfig */ = {isa = PBXFileReference; includeInIndex = 1; lastKnownFileType = text.xcconfig; name = "Pods-audioDNSUI.debug.xcconfig"; path = "Target Support Files/Pods-audioDNSUI/Pods-audioDNSUI.debug.xcconfig"; sourceTree = "<group>"; };
		2CF145F541E7BC7E4C5DDD83 /* Pods_audioDNSUI_audioDNSUIUITests.framework */ = {isa = PBXFileReference; explicitFileType = wrapper.framework; includeInIndex = 0; path = Pods_audioDNSUI_audioDNSUIUITests.framework; sourceTree = BUILT_PRODUCTS_DIR; };
		73BB575C42C1A66848413CFF /* Pods_audioDNSUITests.framework */ = {isa = PBXFileReference; explicitFileType = wrapper.framework; includeInIndex = 0; path = Pods_audioDNSUITests.framework; sourceTree = BUILT_PRODUCTS_DIR; };
		774877E7F6FB5178F5FE39CA /* Pods_audioDNSUI.framework */ = {isa = PBXFileReference; explicitFileType = wrapper.framework; includeInIndex = 0; path = Pods_audioDNSUI.framework; sourceTree = BUILT_PRODUCTS_DIR; };
		7C2531D0F9BA4153A6BC1375 /* Pods-audioDNSUI.release.xcconfig */ = {isa = PBXFileReference; includeInIndex = 1; lastKnownFileType = text.xcconfig; name = "Pods-audioDNSUI.release.xcconfig"; path = "Target Support Files/Pods-audioDNSUI/Pods-audioDNSUI.release.xcconfig"; sourceTree = "<group>"; };
		8833E5401CD44CE4F0C3A66A /* Pods-audioDNSUI-audioDNSUIUITests.debug.xcconfig */ = {isa = PBXFileReference; includeInIndex = 1; lastKnownFileType = text.xcconfig; name = "Pods-audioDNSUI-audioDNSUIUITests.debug.xcconfig"; path = "Target Support Files/Pods-audioDNSUI-audioDNSUIUITests/Pods-audioDNSUI-audioDNSUIUITests.debug.xcconfig"; sourceTree = "<group>"; };
		B5F3293F465D50CC6BCCB3D6 /* Pods-audioDNSUI-audioDNSUIUITests.release.xcconfig */ = {isa = PBXFileReference; includeInIndex = 1; lastKnownFileType = text.xcconfig; name = "Pods-audioDNSUI-audioDNSUIUITests.release.xcconfig"; path = "Target Support Files/Pods-audioDNSUI-audioDNSUIUITests/Pods-audioDNSUI-audioDNSUIUITests.release.xcconfig"; sourceTree = "<group>"; };
		C015BDDC249A955400AAB3AA /* audioDNSUI.app */ = {isa = PBXFileReference; explicitFileType = wrapper.application; includeInIndex = 0; path = audioDNSUI.app; sourceTree = BUILT_PRODUCTS_DIR; };
		C015BDDF249A955400AAB3AA /* AppDelegate.swift */ = {isa = PBXFileReference; lastKnownFileType = sourcecode.swift; path = AppDelegate.swift; sourceTree = "<group>"; };
		C015BDE1249A955400AAB3AA /* SceneDelegate.swift */ = {isa = PBXFileReference; lastKnownFileType = sourcecode.swift; path = SceneDelegate.swift; sourceTree = "<group>"; };
		C015BDE3249A955400AAB3AA /* ViewController.swift */ = {isa = PBXFileReference; lastKnownFileType = sourcecode.swift; path = ViewController.swift; sourceTree = "<group>"; };
		C015BDE6249A955400AAB3AA /* Base */ = {isa = PBXFileReference; lastKnownFileType = file.storyboard; name = Base; path = Base.lproj/Main.storyboard; sourceTree = "<group>"; };
		C015BDE8249A955500AAB3AA /* Assets.xcassets */ = {isa = PBXFileReference; lastKnownFileType = folder.assetcatalog; path = Assets.xcassets; sourceTree = "<group>"; };
		C015BDEB249A955500AAB3AA /* Base */ = {isa = PBXFileReference; lastKnownFileType = file.storyboard; name = Base; path = Base.lproj/LaunchScreen.storyboard; sourceTree = "<group>"; };
		C015BDED249A955500AAB3AA /* Info.plist */ = {isa = PBXFileReference; lastKnownFileType = text.plist.xml; path = Info.plist; sourceTree = "<group>"; };
		C015BDF2249A955500AAB3AA /* audioDNSUITests.xctest */ = {isa = PBXFileReference; explicitFileType = wrapper.cfbundle; includeInIndex = 0; path = audioDNSUITests.xctest; sourceTree = BUILT_PRODUCTS_DIR; };
		C015BDF6249A955500AAB3AA /* audioDNSUITests.swift */ = {isa = PBXFileReference; lastKnownFileType = sourcecode.swift; path = audioDNSUITests.swift; sourceTree = "<group>"; };
		C015BDF8249A955500AAB3AA /* Info.plist */ = {isa = PBXFileReference; lastKnownFileType = text.plist.xml; path = Info.plist; sourceTree = "<group>"; };
		C015BDFD249A955500AAB3AA /* audioDNSUIUITests.xctest */ = {isa = PBXFileReference; explicitFileType = wrapper.cfbundle; includeInIndex = 0; path = audioDNSUIUITests.xctest; sourceTree = BUILT_PRODUCTS_DIR; };
		C015BE01249A955500AAB3AA /* audioDNSUIUITests.swift */ = {isa = PBXFileReference; lastKnownFileType = sourcecode.swift; path = audioDNSUIUITests.swift; sourceTree = "<group>"; };
		C015BE03249A955500AAB3AA /* Info.plist */ = {isa = PBXFileReference; lastKnownFileType = text.plist.xml; path = Info.plist; sourceTree = "<group>"; };
		C015BE13249A967200AAB3AA /* RestManager.swift */ = {isa = PBXFileReference; lastKnownFileType = sourcecode.swift; path = RestManager.swift; sourceTree = "<group>"; };
		C0B25A8F249AEFCD00378FEB /* Varun.jpg */ = {isa = PBXFileReference; lastKnownFileType = image.jpeg; path = Varun.jpg; sourceTree = SOURCE_ROOT; };
		C0B25A91249AF03900378FEB /* Second.wav */ = {isa = PBXFileReference; lastKnownFileType = audio.wav; path = Second.wav; sourceTree = "<group>"; };
		DF5304899D23C65B66635F5A /* Pods-audioDNSUITests.release.xcconfig */ = {isa = PBXFileReference; includeInIndex = 1; lastKnownFileType = text.xcconfig; name = "Pods-audioDNSUITests.release.xcconfig"; path = "Target Support Files/Pods-audioDNSUITests/Pods-audioDNSUITests.release.xcconfig"; sourceTree = "<group>"; };
		FA1CC4B35E242D858A7A9E51 /* Pods-audioDNSUITests.debug.xcconfig */ = {isa = PBXFileReference; includeInIndex = 1; lastKnownFileType = text.xcconfig; name = "Pods-audioDNSUITests.debug.xcconfig"; path = "Target Support Files/Pods-audioDNSUITests/Pods-audioDNSUITests.debug.xcconfig"; sourceTree = "<group>"; };
/* End PBXFileReference section */

/* Begin PBXFrameworksBuildPhase section */
		C015BDD9249A955400AAB3AA /* Frameworks */ = {
			isa = PBXFrameworksBuildPhase;
			buildActionMask = 2147483647;
			files = (
				9381F6217182D8F194415A34 /* Pods_audioDNSUI.framework in Frameworks */,
			);
			runOnlyForDeploymentPostprocessing = 0;
		};
		C015BDEF249A955500AAB3AA /* Frameworks */ = {
			isa = PBXFrameworksBuildPhase;
			buildActionMask = 2147483647;
			files = (
				8288323CE3D4A60D9375686A /* Pods_audioDNSUITests.framework in Frameworks */,
			);
			runOnlyForDeploymentPostprocessing = 0;
		};
		C015BDFA249A955500AAB3AA /* Frameworks */ = {
			isa = PBXFrameworksBuildPhase;
			buildActionMask = 2147483647;
			files = (
				42B6ACB79D0EA3C386F80825 /* Pods_audioDNSUI_audioDNSUIUITests.framework in Frameworks */,
			);
			runOnlyForDeploymentPostprocessing = 0;
		};
/* End PBXFrameworksBuildPhase section */

/* Begin PBXGroup section */
		2B664CD9285BCDC4014460C7 /* Frameworks */ = {
			isa = PBXGroup;
			children = (
				774877E7F6FB5178F5FE39CA /* Pods_audioDNSUI.framework */,
				2CF145F541E7BC7E4C5DDD83 /* Pods_audioDNSUI_audioDNSUIUITests.framework */,
				73BB575C42C1A66848413CFF /* Pods_audioDNSUITests.framework */,
			);
			name = Frameworks;
			sourceTree = "<group>";
		};
		594AC37F568DB13F4D42B2C0 /* Pods */ = {
			isa = PBXGroup;
			children = (
				0836AF081078D514F0F11D1C /* Pods-audioDNSUI.debug.xcconfig */,
				7C2531D0F9BA4153A6BC1375 /* Pods-audioDNSUI.release.xcconfig */,
				8833E5401CD44CE4F0C3A66A /* Pods-audioDNSUI-audioDNSUIUITests.debug.xcconfig */,
				B5F3293F465D50CC6BCCB3D6 /* Pods-audioDNSUI-audioDNSUIUITests.release.xcconfig */,
				FA1CC4B35E242D858A7A9E51 /* Pods-audioDNSUITests.debug.xcconfig */,
				DF5304899D23C65B66635F5A /* Pods-audioDNSUITests.release.xcconfig */,
			);
			path = Pods;
			sourceTree = "<group>";
		};
		C015BDD3249A955400AAB3AA = {
			isa = PBXGroup;
			children = (
				C015BDDE249A955400AAB3AA /* audioDNSUI */,
				C015BDF5249A955500AAB3AA /* audioDNSUITests */,
				C015BE00249A955500AAB3AA /* audioDNSUIUITests */,
				C015BDDD249A955400AAB3AA /* Products */,
				594AC37F568DB13F4D42B2C0 /* Pods */,
				2B664CD9285BCDC4014460C7 /* Frameworks */,
			);
			sourceTree = "<group>";
		};
		C015BDDD249A955400AAB3AA /* Products */ = {
			isa = PBXGroup;
			children = (
				C015BDDC249A955400AAB3AA /* audioDNSUI.app */,
				C015BDF2249A955500AAB3AA /* audioDNSUITests.xctest */,
				C015BDFD249A955500AAB3AA /* audioDNSUIUITests.xctest */,
			);
			name = Products;
			sourceTree = "<group>";
		};
		C015BDDE249A955400AAB3AA /* audioDNSUI */ = {
			isa = PBXGroup;
			children = (
				C0B25A8F249AEFCD00378FEB /* Varun.jpg */,
				C015BDDF249A955400AAB3AA /* AppDelegate.swift */,
				C0B25A91249AF03900378FEB /* Second.wav */,
				C015BDE1249A955400AAB3AA /* SceneDelegate.swift */,
				C015BE12249A95A600AAB3AA /* Utils */,
				C015BE0F249A956200AAB3AA /* Model */,
				C015BE10249A956F00AAB3AA /* View */,
				C015BE11249A957E00AAB3AA /* Controller */,
				C015BDE8249A955500AAB3AA /* Assets.xcassets */,
				C015BDED249A955500AAB3AA /* Info.plist */,
			);
			path = audioDNSUI;
			sourceTree = "<group>";
		};
		C015BDF5249A955500AAB3AA /* audioDNSUITests */ = {
			isa = PBXGroup;
			children = (
				C015BDF6249A955500AAB3AA /* audioDNSUITests.swift */,
				C015BDF8249A955500AAB3AA /* Info.plist */,
			);
			path = audioDNSUITests;
			sourceTree = "<group>";
		};
		C015BE00249A955500AAB3AA /* audioDNSUIUITests */ = {
			isa = PBXGroup;
			children = (
				C015BE01249A955500AAB3AA /* audioDNSUIUITests.swift */,
				C015BE03249A955500AAB3AA /* Info.plist */,
			);
			path = audioDNSUIUITests;
			sourceTree = "<group>";
		};
		C015BE0F249A956200AAB3AA /* Model */ = {
			isa = PBXGroup;
			children = (
			);
			path = Model;
			sourceTree = "<group>";
		};
		C015BE10249A956F00AAB3AA /* View */ = {
			isa = PBXGroup;
			children = (
				C015BDEA249A955500AAB3AA /* LaunchScreen.storyboard */,
				C015BDE5249A955400AAB3AA /* Main.storyboard */,
			);
			path = View;
			sourceTree = "<group>";
		};
		C015BE11249A957E00AAB3AA /* Controller */ = {
			isa = PBXGroup;
			children = (
				C015BDE3249A955400AAB3AA /* ViewController.swift */,
			);
			path = Controller;
			sourceTree = "<group>";
		};
		C015BE12249A95A600AAB3AA /* Utils */ = {
			isa = PBXGroup;
			children = (
				C015BE13249A967200AAB3AA /* RestManager.swift */,
			);
			path = Utils;
			sourceTree = "<group>";
		};
/* End PBXGroup section */

/* Begin PBXNativeTarget section */
		C015BDDB249A955400AAB3AA /* audioDNSUI */ = {
			isa = PBXNativeTarget;
			buildConfigurationList = C015BE06249A955500AAB3AA /* Build configuration list for PBXNativeTarget "audioDNSUI" */;
			buildPhases = (
				BB199AE26E3A3E5E82B91D2E /* [CP] Check Pods Manifest.lock */,
				C015BDD8249A955400AAB3AA /* Sources */,
				C015BDD9249A955400AAB3AA /* Frameworks */,
				C015BDDA249A955400AAB3AA /* Resources */,
				C01C454E9A1FDC9EEB835A16 /* [CP] Embed Pods Frameworks */,
			);
			buildRules = (
			);
			dependencies = (
			);
			name = audioDNSUI;
			productName = audioDNSUI;
			productReference = C015BDDC249A955400AAB3AA /* audioDNSUI.app */;
			productType = "com.apple.product-type.application";
		};
		C015BDF1249A955500AAB3AA /* audioDNSUITests */ = {
			isa = PBXNativeTarget;
			buildConfigurationList = C015BE09249A955500AAB3AA /* Build configuration list for PBXNativeTarget "audioDNSUITests" */;
			buildPhases = (
				73657F8322F0DE303E994F51 /* [CP] Check Pods Manifest.lock */,
				C015BDEE249A955500AAB3AA /* Sources */,
				C015BDEF249A955500AAB3AA /* Frameworks */,
				C015BDF0249A955500AAB3AA /* Resources */,
			);
			buildRules = (
			);
			dependencies = (
				C015BDF4249A955500AAB3AA /* PBXTargetDependency */,
			);
			name = audioDNSUITests;
			productName = audioDNSUITests;
			productReference = C015BDF2249A955500AAB3AA /* audioDNSUITests.xctest */;
			productType = "com.apple.product-type.bundle.unit-test";
		};
		C015BDFC249A955500AAB3AA /* audioDNSUIUITests */ = {
			isa = PBXNativeTarget;
			buildConfigurationList = C015BE0C249A955500AAB3AA /* Build configuration list for PBXNativeTarget "audioDNSUIUITests" */;
			buildPhases = (
				ACAEEFBE81553063836B972D /* [CP] Check Pods Manifest.lock */,
				C015BDF9249A955500AAB3AA /* Sources */,
				C015BDFA249A955500AAB3AA /* Frameworks */,
				C015BDFB249A955500AAB3AA /* Resources */,
				47D29C253CA5D23EEADC5BE3 /* [CP] Embed Pods Frameworks */,
			);
			buildRules = (
			);
			dependencies = (
				C015BDFF249A955500AAB3AA /* PBXTargetDependency */,
			);
			name = audioDNSUIUITests;
			productName = audioDNSUIUITests;
			productReference = C015BDFD249A955500AAB3AA /* audioDNSUIUITests.xctest */;
			productType = "com.apple.product-type.bundle.ui-testing";
		};
/* End PBXNativeTarget section */

/* Begin PBXProject section */
		C015BDD4249A955400AAB3AA /* Project object */ = {
			isa = PBXProject;
			attributes = {
				LastSwiftUpdateCheck = 1150;
				LastUpgradeCheck = 1150;
				ORGANIZATIONNAME = "Varun Nair";
				TargetAttributes = {
					C015BDDB249A955400AAB3AA = {
						CreatedOnToolsVersion = 11.5;
					};
					C015BDF1249A955500AAB3AA = {
						CreatedOnToolsVersion = 11.5;
						TestTargetID = C015BDDB249A955400AAB3AA;
					};
					C015BDFC249A955500AAB3AA = {
						CreatedOnToolsVersion = 11.5;
						TestTargetID = C015BDDB249A955400AAB3AA;
					};
				};
			};
			buildConfigurationList = C015BDD7249A955400AAB3AA /* Build configuration list for PBXProject "audioDNSUI" */;
			compatibilityVersion = "Xcode 9.3";
			developmentRegion = en;
			hasScannedForEncodings = 0;
			knownRegions = (
				en,
				Base,
			);
			mainGroup = C015BDD3249A955400AAB3AA;
			productRefGroup = C015BDDD249A955400AAB3AA /* Products */;
			projectDirPath = "";
			projectRoot = "";
			targets = (
				C015BDDB249A955400AAB3AA /* audioDNSUI */,
				C015BDF1249A955500AAB3AA /* audioDNSUITests */,
				C015BDFC249A955500AAB3AA /* audioDNSUIUITests */,
			);
		};
/* End PBXProject section */

/* Begin PBXResourcesBuildPhase section */
		C015BDDA249A955400AAB3AA /* Resources */ = {
			isa = PBXResourcesBuildPhase;
			buildActionMask = 2147483647;
			files = (
				C015BDEC249A955500AAB3AA /* LaunchScreen.storyboard in Resources */,
				C015BDE9249A955500AAB3AA /* Assets.xcassets in Resources */,
				C0B25A90249AEFCD00378FEB /* Varun.jpg in Resources */,
				C0B25A92249AF03900378FEB /* Second.wav in Resources */,
				C015BDE7249A955400AAB3AA /* Main.storyboard in Resources */,
			);
			runOnlyForDeploymentPostprocessing = 0;
		};
		C015BDF0249A955500AAB3AA /* Resources */ = {
			isa = PBXResourcesBuildPhase;
			buildActionMask = 2147483647;
			files = (
			);
			runOnlyForDeploymentPostprocessing = 0;
		};
		C015BDFB249A955500AAB3AA /* Resources */ = {
			isa = PBXResourcesBuildPhase;
			buildActionMask = 2147483647;
			files = (
			);
			runOnlyForDeploymentPostprocessing = 0;
		};
/* End PBXResourcesBuildPhase section */

/* Begin PBXShellScriptBuildPhase section */
		47D29C253CA5D23EEADC5BE3 /* [CP] Embed Pods Frameworks */ = {
			isa = PBXShellScriptBuildPhase;
			buildActionMask = 2147483647;
			files = (
			);
			inputFileListPaths = (
				"${PODS_ROOT}/Target Support Files/Pods-audioDNSUI-audioDNSUIUITests/Pods-audioDNSUI-audioDNSUIUITests-frameworks-${CONFIGURATION}-input-files.xcfilelist",
			);
			name = "[CP] Embed Pods Frameworks";
			outputFileListPaths = (
				"${PODS_ROOT}/Target Support Files/Pods-audioDNSUI-audioDNSUIUITests/Pods-audioDNSUI-audioDNSUIUITests-frameworks-${CONFIGURATION}-output-files.xcfilelist",
			);
			runOnlyForDeploymentPostprocessing = 0;
			shellPath = /bin/sh;
			shellScript = "\"${PODS_ROOT}/Target Support Files/Pods-audioDNSUI-audioDNSUIUITests/Pods-audioDNSUI-audioDNSUIUITests-frameworks.sh\"\n";
			showEnvVarsInLog = 0;
		};
		73657F8322F0DE303E994F51 /* [CP] Check Pods Manifest.lock */ = {
			isa = PBXShellScriptBuildPhase;
			buildActionMask = 2147483647;
			files = (
			);
			inputFileListPaths = (
			);
			inputPaths = (
				"${PODS_PODFILE_DIR_PATH}/Podfile.lock",
				"${PODS_ROOT}/Manifest.lock",
			);
			name = "[CP] Check Pods Manifest.lock";
			outputFileListPaths = (
			);
			outputPaths = (
				"$(DERIVED_FILE_DIR)/Pods-audioDNSUITests-checkManifestLockResult.txt",
			);
			runOnlyForDeploymentPostprocessing = 0;
			shellPath = /bin/sh;
			shellScript = "diff \"${PODS_PODFILE_DIR_PATH}/Podfile.lock\" \"${PODS_ROOT}/Manifest.lock\" > /dev/null\nif [ $? != 0 ] ; then\n    # print error to STDERR\n    echo \"error: The sandbox is not in sync with the Podfile.lock. Run 'pod install' or update your CocoaPods installation.\" >&2\n    exit 1\nfi\n# This output is used by Xcode 'outputs' to avoid re-running this script phase.\necho \"SUCCESS\" > \"${SCRIPT_OUTPUT_FILE_0}\"\n";
			showEnvVarsInLog = 0;
		};
		ACAEEFBE81553063836B972D /* [CP] Check Pods Manifest.lock */ = {
			isa = PBXShellScriptBuildPhase;
			buildActionMask = 2147483647;
			files = (
			);
			inputFileListPaths = (
			);
			inputPaths = (
				"${PODS_PODFILE_DIR_PATH}/Podfile.lock",
				"${PODS_ROOT}/Manifest.lock",
			);
			name = "[CP] Check Pods Manifest.lock";
			outputFileListPaths = (
			);
			outputPaths = (
				"$(DERIVED_FILE_DIR)/Pods-audioDNSUI-audioDNSUIUITests-checkManifestLockResult.txt",
			);
			runOnlyForDeploymentPostprocessing = 0;
			shellPath = /bin/sh;
			shellScript = "diff \"${PODS_PODFILE_DIR_PATH}/Podfile.lock\" \"${PODS_ROOT}/Manifest.lock\" > /dev/null\nif [ $? != 0 ] ; then\n    # print error to STDERR\n    echo \"error: The sandbox is not in sync with the Podfile.lock. Run 'pod install' or update your CocoaPods installation.\" >&2\n    exit 1\nfi\n# This output is used by Xcode 'outputs' to avoid re-running this script phase.\necho \"SUCCESS\" > \"${SCRIPT_OUTPUT_FILE_0}\"\n";
			showEnvVarsInLog = 0;
		};
		BB199AE26E3A3E5E82B91D2E /* [CP] Check Pods Manifest.lock */ = {
			isa = PBXShellScriptBuildPhase;
			buildActionMask = 2147483647;
			files = (
			);
			inputFileListPaths = (
			);
			inputPaths = (
				"${PODS_PODFILE_DIR_PATH}/Podfile.lock",
				"${PODS_ROOT}/Manifest.lock",
			);
			name = "[CP] Check Pods Manifest.lock";
			outputFileListPaths = (
			);
			outputPaths = (
				"$(DERIVED_FILE_DIR)/Pods-audioDNSUI-checkManifestLockResult.txt",
			);
			runOnlyForDeploymentPostprocessing = 0;
			shellPath = /bin/sh;
			shellScript = "diff \"${PODS_PODFILE_DIR_PATH}/Podfile.lock\" \"${PODS_ROOT}/Manifest.lock\" > /dev/null\nif [ $? != 0 ] ; then\n    # print error to STDERR\n    echo \"error: The sandbox is not in sync with the Podfile.lock. Run 'pod install' or update your CocoaPods installation.\" >&2\n    exit 1\nfi\n# This output is used by Xcode 'outputs' to avoid re-running this script phase.\necho \"SUCCESS\" > \"${SCRIPT_OUTPUT_FILE_0}\"\n";
			showEnvVarsInLog = 0;
		};
		C01C454E9A1FDC9EEB835A16 /* [CP] Embed Pods Frameworks */ = {
			isa = PBXShellScriptBuildPhase;
			buildActionMask = 2147483647;
			files = (
			);
			inputFileListPaths = (
				"${PODS_ROOT}/Target Support Files/Pods-audioDNSUI/Pods-audioDNSUI-frameworks-${CONFIGURATION}-input-files.xcfilelist",
			);
			name = "[CP] Embed Pods Frameworks";
			outputFileListPaths = (
				"${PODS_ROOT}/Target Support Files/Pods-audioDNSUI/Pods-audioDNSUI-frameworks-${CONFIGURATION}-output-files.xcfilelist",
			);
			runOnlyForDeploymentPostprocessing = 0;
			shellPath = /bin/sh;
			shellScript = "\"${PODS_ROOT}/Target Support Files/Pods-audioDNSUI/Pods-audioDNSUI-frameworks.sh\"\n";
			showEnvVarsInLog = 0;
		};
/* End PBXShellScriptBuildPhase section */

/* Begin PBXSourcesBuildPhase section */
		C015BDD8249A955400AAB3AA /* Sources */ = {
			isa = PBXSourcesBuildPhase;
			buildActionMask = 2147483647;
			files = (
				C015BDE4249A955400AAB3AA /* ViewController.swift in Sources */,
				C015BE14249A967200AAB3AA /* RestManager.swift in Sources */,
				C015BDE0249A955400AAB3AA /* AppDelegate.swift in Sources */,
				C015BDE2249A955400AAB3AA /* SceneDelegate.swift in Sources */,
			);
			runOnlyForDeploymentPostprocessing = 0;
		};
		C015BDEE249A955500AAB3AA /* Sources */ = {
			isa = PBXSourcesBuildPhase;
			buildActionMask = 2147483647;
			files = (
				C015BDF7249A955500AAB3AA /* audioDNSUITests.swift in Sources */,
			);
			runOnlyForDeploymentPostprocessing = 0;
		};
		C015BDF9249A955500AAB3AA /* Sources */ = {
			isa = PBXSourcesBuildPhase;
			buildActionMask = 2147483647;
			files = (
				C015BE02249A955500AAB3AA /* audioDNSUIUITests.swift in Sources */,
			);
			runOnlyForDeploymentPostprocessing = 0;
		};
/* End PBXSourcesBuildPhase section */

/* Begin PBXTargetDependency section */
		C015BDF4249A955500AAB3AA /* PBXTargetDependency */ = {
			isa = PBXTargetDependency;
			target = C015BDDB249A955400AAB3AA /* audioDNSUI */;
			targetProxy = C015BDF3249A955500AAB3AA /* PBXContainerItemProxy */;
		};
		C015BDFF249A955500AAB3AA /* PBXTargetDependency */ = {
			isa = PBXTargetDependency;
			target = C015BDDB249A955400AAB3AA /* audioDNSUI */;
			targetProxy = C015BDFE249A955500AAB3AA /* PBXContainerItemProxy */;
		};
/* End PBXTargetDependency section */

/* Begin PBXVariantGroup section */
		C015BDE5249A955400AAB3AA /* Main.storyboard */ = {
			isa = PBXVariantGroup;
			children = (
				C015BDE6249A955400AAB3AA /* Base */,
			);
			name = Main.storyboard;
			sourceTree = "<group>";
		};
		C015BDEA249A955500AAB3AA /* LaunchScreen.storyboard */ = {
			isa = PBXVariantGroup;
			children = (
				C015BDEB249A955500AAB3AA /* Base */,
			);
			name = LaunchScreen.storyboard;
			sourceTree = "<group>";
		};
/* End PBXVariantGroup section */

/* Begin XCBuildConfiguration section */
		C015BE04249A955500AAB3AA /* Debug */ = {
			isa = XCBuildConfiguration;
			buildSettings = {
				ALWAYS_SEARCH_USER_PATHS = NO;
				CLANG_ANALYZER_NONNULL = YES;
				CLANG_ANALYZER_NUMBER_OBJECT_CONVERSION = YES_AGGRESSIVE;
				CLANG_CXX_LANGUAGE_STANDARD = "gnu++14";
				CLANG_CXX_LIBRARY = "libc++";
				CLANG_ENABLE_MODULES = YES;
				CLANG_ENABLE_OBJC_ARC = YES;
				CLANG_ENABLE_OBJC_WEAK = YES;
				CLANG_WARN_BLOCK_CAPTURE_AUTORELEASING = YES;
				CLANG_WARN_BOOL_CONVERSION = YES;
				CLANG_WARN_COMMA = YES;
				CLANG_WARN_CONSTANT_CONVERSION = YES;
				CLANG_WARN_DEPRECATED_OBJC_IMPLEMENTATIONS = YES;
				CLANG_WARN_DIRECT_OBJC_ISA_USAGE = YES_ERROR;
				CLANG_WARN_DOCUMENTATION_COMMENTS = YES;
				CLANG_WARN_EMPTY_BODY = YES;
				CLANG_WARN_ENUM_CONVERSION = YES;
				CLANG_WARN_INFINITE_RECURSION = YES;
				CLANG_WARN_INT_CONVERSION = YES;
				CLANG_WARN_NON_LITERAL_NULL_CONVERSION = YES;
				CLANG_WARN_OBJC_IMPLICIT_RETAIN_SELF = YES;
				CLANG_WARN_OBJC_LITERAL_CONVERSION = YES;
				CLANG_WARN_OBJC_ROOT_CLASS = YES_ERROR;
				CLANG_WARN_RANGE_LOOP_ANALYSIS = YES;
				CLANG_WARN_STRICT_PROTOTYPES = YES;
				CLANG_WARN_SUSPICIOUS_MOVE = YES;
				CLANG_WARN_UNGUARDED_AVAILABILITY = YES_AGGRESSIVE;
				CLANG_WARN_UNREACHABLE_CODE = YES;
				CLANG_WARN__DUPLICATE_METHOD_MATCH = YES;
				COPY_PHASE_STRIP = NO;
				DEBUG_INFORMATION_FORMAT = dwarf;
				ENABLE_STRICT_OBJC_MSGSEND = YES;
				ENABLE_TESTABILITY = YES;
				GCC_C_LANGUAGE_STANDARD = gnu11;
				GCC_DYNAMIC_NO_PIC = NO;
				GCC_NO_COMMON_BLOCKS = YES;
				GCC_OPTIMIZATION_LEVEL = 0;
				GCC_PREPROCESSOR_DEFINITIONS = (
					"DEBUG=1",
					"$(inherited)",
				);
				GCC_WARN_64_TO_32_BIT_CONVERSION = YES;
				GCC_WARN_ABOUT_RETURN_TYPE = YES_ERROR;
				GCC_WARN_UNDECLARED_SELECTOR = YES;
				GCC_WARN_UNINITIALIZED_AUTOS = YES_AGGRESSIVE;
				GCC_WARN_UNUSED_FUNCTION = YES;
				GCC_WARN_UNUSED_VARIABLE = YES;
				IPHONEOS_DEPLOYMENT_TARGET = 13.5;
				MTL_ENABLE_DEBUG_INFO = INCLUDE_SOURCE;
				MTL_FAST_MATH = YES;
				ONLY_ACTIVE_ARCH = YES;
				SDKROOT = iphoneos;
				SWIFT_ACTIVE_COMPILATION_CONDITIONS = DEBUG;
				SWIFT_OPTIMIZATION_LEVEL = "-Onone";
			};
			name = Debug;
		};
		C015BE05249A955500AAB3AA /* Release */ = {
			isa = XCBuildConfiguration;
			buildSettings = {
				ALWAYS_SEARCH_USER_PATHS = NO;
				CLANG_ANALYZER_NONNULL = YES;
				CLANG_ANALYZER_NUMBER_OBJECT_CONVERSION = YES_AGGRESSIVE;
				CLANG_CXX_LANGUAGE_STANDARD = "gnu++14";
				CLANG_CXX_LIBRARY = "libc++";
				CLANG_ENABLE_MODULES = YES;
				CLANG_ENABLE_OBJC_ARC = YES;
				CLANG_ENABLE_OBJC_WEAK = YES;
				CLANG_WARN_BLOCK_CAPTURE_AUTORELEASING = YES;
				CLANG_WARN_BOOL_CONVERSION = YES;
				CLANG_WARN_COMMA = YES;
				CLANG_WARN_CONSTANT_CONVERSION = YES;
				CLANG_WARN_DEPRECATED_OBJC_IMPLEMENTATIONS = YES;
				CLANG_WARN_DIRECT_OBJC_ISA_USAGE = YES_ERROR;
				CLANG_WARN_DOCUMENTATION_COMMENTS = YES;
				CLANG_WARN_EMPTY_BODY = YES;
				CLANG_WARN_ENUM_CONVERSION = YES;
				CLANG_WARN_INFINITE_RECURSION = YES;
				CLANG_WARN_INT_CONVERSION = YES;
				CLANG_WARN_NON_LITERAL_NULL_CONVERSION = YES;
				CLANG_WARN_OBJC_IMPLICIT_RETAIN_SELF = YES;
				CLANG_WARN_OBJC_LITERAL_CONVERSION = YES;
				CLANG_WARN_OBJC_ROOT_CLASS = YES_ERROR;
				CLANG_WARN_RANGE_LOOP_ANALYSIS = YES;
				CLANG_WARN_STRICT_PROTOTYPES = YES;
				CLANG_WARN_SUSPICIOUS_MOVE = YES;
				CLANG_WARN_UNGUARDED_AVAILABILITY = YES_AGGRESSIVE;
				CLANG_WARN_UNREACHABLE_CODE = YES;
				CLANG_WARN__DUPLICATE_METHOD_MATCH = YES;
				COPY_PHASE_STRIP = NO;
				DEBUG_INFORMATION_FORMAT = "dwarf-with-dsym";
				ENABLE_NS_ASSERTIONS = NO;
				ENABLE_STRICT_OBJC_MSGSEND = YES;
				GCC_C_LANGUAGE_STANDARD = gnu11;
				GCC_NO_COMMON_BLOCKS = YES;
				GCC_WARN_64_TO_32_BIT_CONVERSION = YES;
				GCC_WARN_ABOUT_RETURN_TYPE = YES_ERROR;
				GCC_WARN_UNDECLARED_SELECTOR = YES;
				GCC_WARN_UNINITIALIZED_AUTOS = YES_AGGRESSIVE;
				GCC_WARN_UNUSED_FUNCTION = YES;
				GCC_WARN_UNUSED_VARIABLE = YES;
				IPHONEOS_DEPLOYMENT_TARGET = 13.5;
				MTL_ENABLE_DEBUG_INFO = NO;
				MTL_FAST_MATH = YES;
				SDKROOT = iphoneos;
				SWIFT_COMPILATION_MODE = wholemodule;
				SWIFT_OPTIMIZATION_LEVEL = "-O";
				VALIDATE_PRODUCT = YES;
			};
			name = Release;
		};
		C015BE07249A955500AAB3AA /* Debug */ = {
			isa = XCBuildConfiguration;
			baseConfigurationReference = 0836AF081078D514F0F11D1C /* Pods-audioDNSUI.debug.xcconfig */;
			buildSettings = {
				ASSETCATALOG_COMPILER_APPICON_NAME = AppIcon;
				CODE_SIGN_STYLE = Automatic;
				INFOPLIST_FILE = audioDNSUI/Info.plist;
				LD_RUNPATH_SEARCH_PATHS = (
					"$(inherited)",
					"@executable_path/Frameworks",
				);
				PRODUCT_BUNDLE_IDENTIFIER = com.VVN.audioDNSUI;
				PRODUCT_NAME = "$(TARGET_NAME)";
				SWIFT_VERSION = 5.0;
				TARGETED_DEVICE_FAMILY = "1,2";
			};
			name = Debug;
		};
		C015BE08249A955500AAB3AA /* Release */ = {
			isa = XCBuildConfiguration;
			baseConfigurationReference = 7C2531D0F9BA4153A6BC1375 /* Pods-audioDNSUI.release.xcconfig */;
			buildSettings = {
				ASSETCATALOG_COMPILER_APPICON_NAME = AppIcon;
				CODE_SIGN_STYLE = Automatic;
				INFOPLIST_FILE = audioDNSUI/Info.plist;
				LD_RUNPATH_SEARCH_PATHS = (
					"$(inherited)",
					"@executable_path/Frameworks",
				);
				PRODUCT_BUNDLE_IDENTIFIER = com.VVN.audioDNSUI;
				PRODUCT_NAME = "$(TARGET_NAME)";
				SWIFT_VERSION = 5.0;
				TARGETED_DEVICE_FAMILY = "1,2";
			};
			name = Release;
		};
		C015BE0A249A955500AAB3AA /* Debug */ = {
			isa = XCBuildConfiguration;
			baseConfigurationReference = FA1CC4B35E242D858A7A9E51 /* Pods-audioDNSUITests.debug.xcconfig */;
			buildSettings = {
				ALWAYS_EMBED_SWIFT_STANDARD_LIBRARIES = YES;
				BUNDLE_LOADER = "$(TEST_HOST)";
				CODE_SIGN_STYLE = Automatic;
				INFOPLIST_FILE = audioDNSUITests/Info.plist;
				IPHONEOS_DEPLOYMENT_TARGET = 13.5;
				LD_RUNPATH_SEARCH_PATHS = (
					"$(inherited)",
					"@executable_path/Frameworks",
					"@loader_path/Frameworks",
				);
				PRODUCT_BUNDLE_IDENTIFIER = com.VVN.audioDNSUITests;
				PRODUCT_NAME = "$(TARGET_NAME)";
				SWIFT_VERSION = 5.0;
				TARGETED_DEVICE_FAMILY = "1,2";
				TEST_HOST = "$(BUILT_PRODUCTS_DIR)/audioDNSUI.app/audioDNSUI";
			};
			name = Debug;
		};
		C015BE0B249A955500AAB3AA /* Release */ = {
			isa = XCBuildConfiguration;
			baseConfigurationReference = DF5304899D23C65B66635F5A /* Pods-audioDNSUITests.release.xcconfig */;
			buildSettings = {
				ALWAYS_EMBED_SWIFT_STANDARD_LIBRARIES = YES;
				BUNDLE_LOADER = "$(TEST_HOST)";
				CODE_SIGN_STYLE = Automatic;
				INFOPLIST_FILE = audioDNSUITests/Info.plist;
				IPHONEOS_DEPLOYMENT_TARGET = 13.5;
				LD_RUNPATH_SEARCH_PATHS = (
					"$(inherited)",
					"@executable_path/Frameworks",
					"@loader_path/Frameworks",
				);
				PRODUCT_BUNDLE_IDENTIFIER = com.VVN.audioDNSUITests;
				PRODUCT_NAME = "$(TARGET_NAME)";
				SWIFT_VERSION = 5.0;
				TARGETED_DEVICE_FAMILY = "1,2";
				TEST_HOST = "$(BUILT_PRODUCTS_DIR)/audioDNSUI.app/audioDNSUI";
			};
			name = Release;
		};
		C015BE0D249A955500AAB3AA /* Debug */ = {
			isa = XCBuildConfiguration;
			baseConfigurationReference = 8833E5401CD44CE4F0C3A66A /* Pods-audioDNSUI-audioDNSUIUITests.debug.xcconfig */;
			buildSettings = {
				ALWAYS_EMBED_SWIFT_STANDARD_LIBRARIES = YES;
				CODE_SIGN_STYLE = Automatic;
				INFOPLIST_FILE = audioDNSUIUITests/Info.plist;
				LD_RUNPATH_SEARCH_PATHS = (
					"$(inherited)",
					"@executable_path/Frameworks",
					"@loader_path/Frameworks",
				);
				PRODUCT_BUNDLE_IDENTIFIER = com.VVN.audioDNSUIUITests;
				PRODUCT_NAME = "$(TARGET_NAME)";
				SWIFT_VERSION = 5.0;
				TARGETED_DEVICE_FAMILY = "1,2";
				TEST_TARGET_NAME = audioDNSUI;
			};
			name = Debug;
		};
		C015BE0E249A955500AAB3AA /* Release */ = {
			isa = XCBuildConfiguration;
			baseConfigurationReference = B5F3293F465D50CC6BCCB3D6 /* Pods-audioDNSUI-audioDNSUIUITests.release.xcconfig */;
			buildSettings = {
				ALWAYS_EMBED_SWIFT_STANDARD_LIBRARIES = YES;
				CODE_SIGN_STYLE = Automatic;
				INFOPLIST_FILE = audioDNSUIUITests/Info.plist;
				LD_RUNPATH_SEARCH_PATHS = (
					"$(inherited)",
					"@executable_path/Frameworks",
					"@loader_path/Frameworks",
				);
				PRODUCT_BUNDLE_IDENTIFIER = com.VVN.audioDNSUIUITests;
				PRODUCT_NAME = "$(TARGET_NAME)";
				SWIFT_VERSION = 5.0;
				TARGETED_DEVICE_FAMILY = "1,2";
				TEST_TARGET_NAME = audioDNSUI;
			};
			name = Release;
		};
/* End XCBuildConfiguration section */

/* Begin XCConfigurationList section */
		C015BDD7249A955400AAB3AA /* Build configuration list for PBXProject "audioDNSUI" */ = {
			isa = XCConfigurationList;
			buildConfigurations = (
				C015BE04249A955500AAB3AA /* Debug */,
				C015BE05249A955500AAB3AA /* Release */,
			);
			defaultConfigurationIsVisible = 0;
			defaultConfigurationName = Release;
		};
		C015BE06249A955500AAB3AA /* Build configuration list for PBXNativeTarget "audioDNSUI" */ = {
			isa = XCConfigurationList;
			buildConfigurations = (
				C015BE07249A955500AAB3AA /* Debug */,
				C015BE08249A955500AAB3AA /* Release */,
			);
			defaultConfigurationIsVisible = 0;
			defaultConfigurationName = Release;
		};
		C015BE09249A955500AAB3AA /* Build configuration list for PBXNativeTarget "audioDNSUITests" */ = {
			isa = XCConfigurationList;
			buildConfigurations = (
				C015BE0A249A955500AAB3AA /* Debug */,
				C015BE0B249A955500AAB3AA /* Release */,
			);
			defaultConfigurationIsVisible = 0;
			defaultConfigurationName = Release;
		};
		C015BE0C249A955500AAB3AA /* Build configuration list for PBXNativeTarget "audioDNSUIUITests" */ = {
			isa = XCConfigurationList;
			buildConfigurations = (
				C015BE0D249A955500AAB3AA /* Debug */,
				C015BE0E249A955500AAB3AA /* Release */,
			);
			defaultConfigurationIsVisible = 0;
			defaultConfigurationName = Release;
		};
/* End XCConfigurationList section */
	};
	rootObject = C015BDD4249A955400AAB3AA /* Project object */;
}
